
Microsoft Visual Studio Solution File, Format Version 12.00
# Visual Studio Version 16
VisualStudioVersion = 16.0.29609.76
MinimumVisualStudioVersion = 10.0.40219.1
Project("{FAE04EC0-301F-11D3-BF4B-00C04F79EFBC}") = "TripTracker.BackService", "TripTracker.BackService.csproj", "{A6B5272F-A1EE-4638-B94A-60130C8B6EF8}"
EndProject
Global
	GlobalSection(SolutionConfigurationPlatforms) = preSolution
		Debug|Any CPU = Debug|Any CPU
		Release|Any CPU = Release|Any CPU
	EndGlobalSection
	GlobalSection(ProjectConfigurationPlatforms) = postSolution
		{A6B5272F-A1EE-4638-B94A-60130C8B6EF8}.Debug|Any CPU.ActiveCfg = Debug|Any CPU
		{A6B5272F-A1EE-4638-B94A-60130C8B6EF8}.Debug|Any CPU.Build.0 = Debug|Any CPU
		{A6B5272F-A1EE-4638-B94A-60130C8B6EF8}.Release|Any CPU.ActiveCfg = Release|Any CPU
		{A6B5272F-A1EE-4638-B94A-60130C8B6EF8}.Release|Any CPU.Build.0 = Release|Any CPU
	EndGlobalSection
	GlobalSection(SolutionProperties) = preSolution
		HideSolutionNode = FALSE
	EndGlobalSection
	GlobalSection(ExtensibilityGlobals) = postSolution
		SolutionGuid = {4811FA4C-B78E-42D5-AD9E-A475B228AFA9}
	EndGlobalSection
EndGlobal
